github.com/HattoriHanzo031/go-haystack v0.0.0-20250129085000-a6146f22fa01 h1:HpKC9oDT9LUdHZCbzTex1nWZnVEyg2AhulnkwlKs3Vw=
github.com/HattoriHanzo031/go-haystack v0.0.0-20250129085000-a6146f22fa01/go.mod h1:gAAnZrIy6MmadMjocyye90jFlrphg3zGOgOpVcgc//c=
github.com/go-telegram-bot-api/telegram-bot-api/v5 v5.5.1 h1:wG8n/XJQ07TmjbITcGiUaOtXxdrINDz1b0J1w0SzqDc=
github.com/go-telegram-bot-api/telegram-bot-api/v5 v5.5.1/go.mod h1:A2S0CWkNylc2phvKXWBBdD3K0iGnDBGbzRpISP2zBl8=
