github.com/HattoriHanzo031/go-haystack v0.0.0-20250129092133-ef23f7dbc65e h1:Vszmz8F6rBYOVAb2nhQJDE5440tCoH283WXsMoPrwFQ=
github.com/HattoriHanzo031/go-haystack v0.0.0-20250129092133-ef23f7dbc65e/go.mod h1:/To5qoSELc7SVOYLn3vc6cvGW21sDQbfr9LeBic5xhs=
github.com/go-telegram-bot-api/telegram-bot-api/v5 v5.5.1 h1:wG8n/XJQ07TmjbITcGiUaOtXxdrINDz1b0J1w0SzqDc=
github.com/go-telegram-bot-api/telegram-bot-api/v5 v5.5.1/go.mod h1:A2S0CWkNylc2phvKXWBBdD3K0iGnDBGbzRpISP2zBl8=
